
Microsoft Visual Studio Solution File, Format Version 12.00
Project("{FAE04EC0-301F-11D3-BF4B-00C04F79EFBC}") = "APBD_tutorial_6", "APBD_tutorial_6\APBD_tutorial_6.csproj", "{C1179B11-D8EF-4243-A280-CFC2C8016E74}"
EndProject
Global
	GlobalSection(SolutionConfigurationPlatforms) = preSolution
		Debug|Any CPU = Debug|Any CPU
		Release|Any CPU = Release|Any CPU
	EndGlobalSection
	GlobalSection(ProjectConfigurationPlatforms) = postSolution
		{C1179B11-D8EF-4243-A280-CFC2C8016E74}.Debug|Any CPU.ActiveCfg = Debug|Any CPU
		{C1179B11-D8EF-4243-A280-CFC2C8016E74}.Debug|Any CPU.Build.0 = Debug|Any CPU
		{C1179B11-D8EF-4243-A280-CFC2C8016E74}.Release|Any CPU.ActiveCfg = Release|Any CPU
		{C1179B11-D8EF-4243-A280-CFC2C8016E74}.Release|Any CPU.Build.0 = Release|Any CPU
	EndGlobalSection
EndGlobal
